
Microsoft Visual Studio Solution File, Format Version 12.00
# Visual Studio Version 17
VisualStudioVersion = 17.3.32811.315
MinimumVisualStudioVersion = 10.0.40219.1
Project("{FAE04EC0-301F-11D3-BF4B-00C04F79EFBC}") = "CottrellA1-TicketingSystem", "CottrellA1-TicketingSystem.csproj", "{3BA03E9C-FADB-4FD8-9699-E9BFEAA3D0AB}"
EndProject
Global
	GlobalSection(SolutionConfigurationPlatforms) = preSolution
		Debug|Any CPU = Debug|Any CPU
		Release|Any CPU = Release|Any CPU
	EndGlobalSection
	GlobalSection(ProjectConfigurationPlatforms) = postSolution
		{3BA03E9C-FADB-4FD8-9699-E9BFEAA3D0AB}.Debug|Any CPU.ActiveCfg = Debug|Any CPU
		{3BA03E9C-FADB-4FD8-9699-E9BFEAA3D0AB}.Debug|Any CPU.Build.0 = Debug|Any CPU
		{3BA03E9C-FADB-4FD8-9699-E9BFEAA3D0AB}.Release|Any CPU.ActiveCfg = Release|Any CPU
		{3BA03E9C-FADB-4FD8-9699-E9BFEAA3D0AB}.Release|Any CPU.Build.0 = Release|Any CPU
	EndGlobalSection
	GlobalSection(SolutionProperties) = preSolution
		HideSolutionNode = FALSE
	EndGlobalSection
	GlobalSection(ExtensibilityGlobals) = postSolution
		SolutionGuid = {714C0904-B697-4023-9FD1-9E7AE5C60898}
	EndGlobalSection
EndGlobal
